
Microsoft Visual Studio Solution File, Format Version 12.00
# Visual Studio Version 16
VisualStudioVersion = 16.0.28729.10
MinimumVisualStudioVersion = 10.0.40219.1
Project("{2150E333-8FDC-42A3-9474-1A3956D46DE8}") = "Solution Items", "Solution Items", "{5EF9645C-4534-4719-8C0A-D71D0FBDE2DB}"
	ProjectSection(SolutionItems) = preProject
		ePrescribe.vsmdi = ePrescribe.vsmdi
		Local.testsettings = Local.testsettings
		TraceAndTestImpact.testsettings = TraceAndTestImpact.testsettings
	EndProjectSection
EndProject
Project("{2150E333-8FDC-42A3-9474-1A3956D46DE8}") = "BuildAndPackage", "BuildAndPackage", "{11DE4CA8-37AE-4BF5-AB31-4DE3B1C67DF4}"
	ProjectSection(SolutionItems) = preProject
		BuildAndPackage\default.build = BuildAndPackage\default.build
		BuildAndPackage\Product.wxs = BuildAndPackage\Product.wxs
	EndProjectSection
EndProject
Project("{FAE04EC0-301F-11D3-BF4B-00C04F79EFBC}") = "Allscripts.ePrescribe.Test", "Allscripts.ePrescribe.Test\Allscripts.ePrescribe.Test.csproj", "{8CDBD8EF-6680-451C-B2CF-5D81DE152958}"
EndProject
Project("{FAE04EC0-301F-11D3-BF4B-00C04F79EFBC}") = "eRxWeb", "eRxWeb\eRxWeb.csproj", "{3F6FDA91-4706-48EC-B0F7-627596491DD2}"
EndProject
Project("{FAE04EC0-301F-11D3-BF4B-00C04F79EFBC}") = "Allscripts.ePrescribe.Client.AcceptanceTest", "Allscripts.ePrescribe.Client.AcceptanceTest\Allscripts.ePrescribe.Client.AcceptanceTest.csproj", "{7F9CFCCF-C581-42C4-AF72-A55E7AB4BD12}"
EndProject
Project("{FAE04EC0-301F-11D3-BF4B-00C04F79EFBC}") = "Allscripts.ePrescribe.Shared.Logging", "..\Shared\Allscripts.ePrescribe.Shared\Allscripts.ePrescribe.Shared.Logging\Allscripts.ePrescribe.Shared.Logging.csproj", "{FF870E98-188D-40AF-A023-2E16285BA2F6}"
EndProject
Project("{FAE04EC0-301F-11D3-BF4B-00C04F79EFBC}") = "Allscripts.ePrescribe.Shared.Data", "..\Shared\Allscripts.ePrescribe.Shared\Allscripts.ePrescribe.Shared.Data\Allscripts.ePrescribe.Shared.Data.csproj", "{E74E4217-BC77-4D7F-8AFC-3EAC302AACF6}"
EndProject
Project("{FAE04EC0-301F-11D3-BF4B-00C04F79EFBC}") = "Allscripts.ePrescribe.CCR", "..\Shared\Allscripts.ePrescribe.Shared\Allscripts.ePrescribe.CCR\Allscripts.ePrescribe.CCR.csproj", "{A8626650-B9EA-4C72-96A4-A091AAADD72A}"
EndProject
Project("{FAE04EC0-301F-11D3-BF4B-00C04F79EFBC}") = "Allscripts.ePrescribe.Common", "..\Shared\Allscripts.ePrescribe.Shared\Allscripts.ePrescribe.Common\Allscripts.ePrescribe.Common.csproj", "{064B73F5-49BD-4456-B68F-4C410145EC74}"
EndProject
Project("{FAE04EC0-301F-11D3-BF4B-00C04F79EFBC}") = "Allscripts.ePrescribe.Data", "..\Shared\Allscripts.ePrescribe.Shared\Allscripts.ePrescribe.Data\Allscripts.ePrescribe.Data.csproj", "{B805FD24-2203-42EF-8893-8575874A6FC8}"
EndProject
Project("{FAE04EC0-301F-11D3-BF4B-00C04F79EFBC}") = "Allscripts.Impact.Utilities", "..\Shared\Allscripts.ePrescribe.Shared\Allscripts.Impact.Utilities\Allscripts.Impact.Utilities.csproj", "{381F83B3-D0FB-416D-B6A2-B334A0062ECE}"
EndProject
Project("{FAE04EC0-301F-11D3-BF4B-00C04F79EFBC}") = "Allscripts.ePrescribe.DatabaseSelector", "..\Shared\Allscripts.ePrescribe.Shared\Allscripts.ePrescribe.Shared.DatabaseSelector\Allscripts.ePrescribe.DatabaseSelector.csproj", "{94F1713D-8145-409A-A8D9-F5323B4AB966}"
EndProject
Project("{FAE04EC0-301F-11D3-BF4B-00C04F79EFBC}") = "Allscripts.ePrescribe.DataHelpers", "..\Shared\Allscripts.ePrescribe.Shared\Allscripts.ePrescribe.Shared.DataHelpers\Allscripts.ePrescribe.DataHelpers.csproj", "{E6145EE4-AFBA-407C-A8C3-9AC5C8805AF7}"
EndProject
Project("{FAE04EC0-301F-11D3-BF4B-00C04F79EFBC}") = "Allscripts.ePrescribe.Objects", "..\Shared\Allscripts.ePrescribe.Shared\Allscripts.ePrescribe.Shared.Objects\Allscripts.ePrescribe.Objects.csproj", "{DD72418F-EFFF-4F9A-B580-92F476C5A028}"
EndProject
Project("{FAE04EC0-301F-11D3-BF4B-00C04F79EFBC}") = "Allscripts.ePrescribe.RawDataHelpers", "..\Shared\Allscripts.ePrescribe.Shared\Allscripts.ePrescribe.Shared.RawDataHelpers\Allscripts.ePrescribe.RawDataHelpers.csproj", "{E53A15BE-87CC-4386-A255-CEB0A07B6EDB}"
EndProject
Project("{FAE04EC0-301F-11D3-BF4B-00C04F79EFBC}") = "Allscripts.ePrescribe.ExtensionMethods", "..\Shared\Allscripts.ePrescribe.Shared\Allscripts.ePrescribe.ExtensionMethods\Allscripts.ePrescribe.ExtensionMethods.csproj", "{4867E5A9-2BDA-4F74-B991-2EA055D959E3}"
EndProject
Project("{FAE04EC0-301F-11D3-BF4B-00C04F79EFBC}") = "Allscripts.Impact", "..\Shared\Allscripts.ePrescribe.Shared\Allscripts.Impact\Allscripts.Impact.csproj", "{BC97F0E8-6421-4F5A-8BF2-342863FFB887}"
EndProject
Project("{FAE04EC0-301F-11D3-BF4B-00C04F79EFBC}") = "Allscripts.ePrescribe.Medispan.Clinical.Model", "..\Shared\Allscripts.ePrescribe.Shared\Allscripts.ePrescribe.Medispan.Clinical.Model\Allscripts.ePrescribe.Medispan.Clinical.Model.csproj", "{682D02B9-120F-4528-A4BF-56743F64965C}"
EndProject
Global
	GlobalSection(SolutionConfigurationPlatforms) = preSolution
		Debug|.NET = Debug|.NET
		Debug|Any CPU = Debug|Any CPU
		Debug|Mixed Platforms = Debug|Mixed Platforms
		Debug|x86 = Debug|x86
		DebugWithTests|.NET = DebugWithTests|.NET
		DebugWithTests|Any CPU = DebugWithTests|Any CPU
		DebugWithTests|Mixed Platforms = DebugWithTests|Mixed Platforms
		DebugWithTests|x86 = DebugWithTests|x86
		Release|.NET = Release|.NET
		Release|Any CPU = Release|Any CPU
		Release|Mixed Platforms = Release|Mixed Platforms
		Release|x86 = Release|x86
	EndGlobalSection
	GlobalSection(ProjectConfigurationPlatforms) = postSolution
		{8CDBD8EF-6680-451C-B2CF-5D81DE152958}.Debug|.NET.ActiveCfg = Debug|Any CPU
		{8CDBD8EF-6680-451C-B2CF-5D81DE152958}.Debug|Any CPU.ActiveCfg = Debug|Any CPU
		{8CDBD8EF-6680-451C-B2CF-5D81DE152958}.Debug|Any CPU.Build.0 = Debug|Any CPU
		{8CDBD8EF-6680-451C-B2CF-5D81DE152958}.Debug|Mixed Platforms.ActiveCfg = Debug|Any CPU
		{8CDBD8EF-6680-451C-B2CF-5D81DE152958}.Debug|Mixed Platforms.Build.0 = Debug|Any CPU
		{8CDBD8EF-6680-451C-B2CF-5D81DE152958}.Debug|x86.ActiveCfg = Debug|Any CPU
		{8CDBD8EF-6680-451C-B2CF-5D81DE152958}.DebugWithTests|.NET.ActiveCfg = Debug|Any CPU
		{8CDBD8EF-6680-451C-B2CF-5D81DE152958}.DebugWithTests|Any CPU.ActiveCfg = Debug|Any CPU
		{8CDBD8EF-6680-451C-B2CF-5D81DE152958}.DebugWithTests|Any CPU.Build.0 = Debug|Any CPU
		{8CDBD8EF-6680-451C-B2CF-5D81DE152958}.DebugWithTests|Mixed Platforms.ActiveCfg = Debug|Any CPU
		{8CDBD8EF-6680-451C-B2CF-5D81DE152958}.DebugWithTests|Mixed Platforms.Build.0 = Debug|Any CPU
		{8CDBD8EF-6680-451C-B2CF-5D81DE152958}.DebugWithTests|x86.ActiveCfg = Debug|Any CPU
		{8CDBD8EF-6680-451C-B2CF-5D81DE152958}.Release|.NET.ActiveCfg = Release|Any CPU
		{8CDBD8EF-6680-451C-B2CF-5D81DE152958}.Release|Any CPU.ActiveCfg = Release|Any CPU
		{8CDBD8EF-6680-451C-B2CF-5D81DE152958}.Release|Any CPU.Build.0 = Release|Any CPU
		{8CDBD8EF-6680-451C-B2CF-5D81DE152958}.Release|Mixed Platforms.ActiveCfg = Release|Any CPU
		{8CDBD8EF-6680-451C-B2CF-5D81DE152958}.Release|Mixed Platforms.Build.0 = Release|Any CPU
		{8CDBD8EF-6680-451C-B2CF-5D81DE152958}.Release|x86.ActiveCfg = Release|Any CPU
		{3F6FDA91-4706-48EC-B0F7-627596491DD2}.Debug|.NET.ActiveCfg = Debug|Any CPU
		{3F6FDA91-4706-48EC-B0F7-627596491DD2}.Debug|Any CPU.ActiveCfg = Debug|Any CPU
		{3F6FDA91-4706-48EC-B0F7-627596491DD2}.Debug|Any CPU.Build.0 = Debug|Any CPU
		{3F6FDA91-4706-48EC-B0F7-627596491DD2}.Debug|Mixed Platforms.ActiveCfg = Debug|Any CPU
		{3F6FDA91-4706-48EC-B0F7-627596491DD2}.Debug|Mixed Platforms.Build.0 = Debug|Any CPU
		{3F6FDA91-4706-48EC-B0F7-627596491DD2}.Debug|x86.ActiveCfg = Debug|Any CPU
		{3F6FDA91-4706-48EC-B0F7-627596491DD2}.DebugWithTests|.NET.ActiveCfg = Debug|Any CPU
		{3F6FDA91-4706-48EC-B0F7-627596491DD2}.DebugWithTests|Any CPU.ActiveCfg = Debug|Any CPU
		{3F6FDA91-4706-48EC-B0F7-627596491DD2}.DebugWithTests|Any CPU.Build.0 = Debug|Any CPU
		{3F6FDA91-4706-48EC-B0F7-627596491DD2}.DebugWithTests|Mixed Platforms.ActiveCfg = Debug|Any CPU
		{3F6FDA91-4706-48EC-B0F7-627596491DD2}.DebugWithTests|Mixed Platforms.Build.0 = Debug|Any CPU
		{3F6FDA91-4706-48EC-B0F7-627596491DD2}.DebugWithTests|x86.ActiveCfg = Debug|Any CPU
		{3F6FDA91-4706-48EC-B0F7-627596491DD2}.Release|.NET.ActiveCfg = Release|Any CPU
		{3F6FDA91-4706-48EC-B0F7-627596491DD2}.Release|Any CPU.ActiveCfg = Release|Any CPU
		{3F6FDA91-4706-48EC-B0F7-627596491DD2}.Release|Any CPU.Build.0 = Release|Any CPU
		{3F6FDA91-4706-48EC-B0F7-627596491DD2}.Release|Mixed Platforms.ActiveCfg = Release|Any CPU
		{3F6FDA91-4706-48EC-B0F7-627596491DD2}.Release|Mixed Platforms.Build.0 = Release|Any CPU
		{3F6FDA91-4706-48EC-B0F7-627596491DD2}.Release|x86.ActiveCfg = Release|Any CPU
		{7F9CFCCF-C581-42C4-AF72-A55E7AB4BD12}.Debug|.NET.ActiveCfg = Debug|Any CPU
		{7F9CFCCF-C581-42C4-AF72-A55E7AB4BD12}.Debug|Any CPU.ActiveCfg = Debug|Any CPU
		{7F9CFCCF-C581-42C4-AF72-A55E7AB4BD12}.Debug|Any CPU.Build.0 = Debug|Any CPU
		{7F9CFCCF-C581-42C4-AF72-A55E7AB4BD12}.Debug|Mixed Platforms.ActiveCfg = Debug|Any CPU
		{7F9CFCCF-C581-42C4-AF72-A55E7AB4BD12}.Debug|Mixed Platforms.Build.0 = Debug|Any CPU
		{7F9CFCCF-C581-42C4-AF72-A55E7AB4BD12}.Debug|x86.ActiveCfg = Debug|Any CPU
		{7F9CFCCF-C581-42C4-AF72-A55E7AB4BD12}.DebugWithTests|.NET.ActiveCfg = Debug|Any CPU
		{7F9CFCCF-C581-42C4-AF72-A55E7AB4BD12}.DebugWithTests|Any CPU.ActiveCfg = Debug|Any CPU
		{7F9CFCCF-C581-42C4-AF72-A55E7AB4BD12}.DebugWithTests|Any CPU.Build.0 = Debug|Any CPU
		{7F9CFCCF-C581-42C4-AF72-A55E7AB4BD12}.DebugWithTests|Mixed Platforms.ActiveCfg = Debug|Any CPU
		{7F9CFCCF-C581-42C4-AF72-A55E7AB4BD12}.DebugWithTests|Mixed Platforms.Build.0 = Debug|Any CPU
		{7F9CFCCF-C581-42C4-AF72-A55E7AB4BD12}.DebugWithTests|x86.ActiveCfg = Debug|Any CPU
		{7F9CFCCF-C581-42C4-AF72-A55E7AB4BD12}.Release|.NET.ActiveCfg = Release|Any CPU
		{7F9CFCCF-C581-42C4-AF72-A55E7AB4BD12}.Release|Any CPU.ActiveCfg = Release|Any CPU
		{7F9CFCCF-C581-42C4-AF72-A55E7AB4BD12}.Release|Any CPU.Build.0 = Release|Any CPU
		{7F9CFCCF-C581-42C4-AF72-A55E7AB4BD12}.Release|Mixed Platforms.ActiveCfg = Release|Any CPU
		{7F9CFCCF-C581-42C4-AF72-A55E7AB4BD12}.Release|Mixed Platforms.Build.0 = Release|Any CPU
		{7F9CFCCF-C581-42C4-AF72-A55E7AB4BD12}.Release|x86.ActiveCfg = Release|Any CPU
		{FF870E98-188D-40AF-A023-2E16285BA2F6}.Debug|.NET.ActiveCfg = Debug|Any CPU
		{FF870E98-188D-40AF-A023-2E16285BA2F6}.Debug|Any CPU.ActiveCfg = Debug|Any CPU
		{FF870E98-188D-40AF-A023-2E16285BA2F6}.Debug|Any CPU.Build.0 = Debug|Any CPU
		{FF870E98-188D-40AF-A023-2E16285BA2F6}.Debug|Mixed Platforms.ActiveCfg = Debug|Any CPU
		{FF870E98-188D-40AF-A023-2E16285BA2F6}.Debug|Mixed Platforms.Build.0 = Debug|Any CPU
		{FF870E98-188D-40AF-A023-2E16285BA2F6}.Debug|x86.ActiveCfg = Debug|Any CPU
		{FF870E98-188D-40AF-A023-2E16285BA2F6}.DebugWithTests|.NET.ActiveCfg = Debug|Any CPU
		{FF870E98-188D-40AF-A023-2E16285BA2F6}.DebugWithTests|Any CPU.ActiveCfg = Debug|Any CPU
		{FF870E98-188D-40AF-A023-2E16285BA2F6}.DebugWithTests|Any CPU.Build.0 = Debug|Any CPU
		{FF870E98-188D-40AF-A023-2E16285BA2F6}.DebugWithTests|Mixed Platforms.ActiveCfg = Debug|Any CPU
		{FF870E98-188D-40AF-A023-2E16285BA2F6}.DebugWithTests|Mixed Platforms.Build.0 = Debug|Any CPU
		{FF870E98-188D-40AF-A023-2E16285BA2F6}.DebugWithTests|x86.ActiveCfg = Debug|Any CPU
		{FF870E98-188D-40AF-A023-2E16285BA2F6}.Release|.NET.ActiveCfg = Release|Any CPU
		{FF870E98-188D-40AF-A023-2E16285BA2F6}.Release|Any CPU.ActiveCfg = Release|Any CPU
		{FF870E98-188D-40AF-A023-2E16285BA2F6}.Release|Any CPU.Build.0 = Release|Any CPU
		{FF870E98-188D-40AF-A023-2E16285BA2F6}.Release|Mixed Platforms.ActiveCfg = Release|Any CPU
		{FF870E98-188D-40AF-A023-2E16285BA2F6}.Release|Mixed Platforms.Build.0 = Release|Any CPU
		{FF870E98-188D-40AF-A023-2E16285BA2F6}.Release|x86.ActiveCfg = Release|Any CPU
		{E74E4217-BC77-4D7F-8AFC-3EAC302AACF6}.Debug|.NET.ActiveCfg = Debug|Any CPU
		{E74E4217-BC77-4D7F-8AFC-3EAC302AACF6}.Debug|Any CPU.ActiveCfg = Debug|Any CPU
		{E74E4217-BC77-4D7F-8AFC-3EAC302AACF6}.Debug|Any CPU.Build.0 = Debug|Any CPU
		{E74E4217-BC77-4D7F-8AFC-3EAC302AACF6}.Debug|Mixed Platforms.ActiveCfg = Debug|Any CPU
		{E74E4217-BC77-4D7F-8AFC-3EAC302AACF6}.Debug|Mixed Platforms.Build.0 = Debug|Any CPU
		{E74E4217-BC77-4D7F-8AFC-3EAC302AACF6}.Debug|x86.ActiveCfg = Debug|Any CPU
		{E74E4217-BC77-4D7F-8AFC-3EAC302AACF6}.DebugWithTests|.NET.ActiveCfg = Debug|Any CPU
		{E74E4217-BC77-4D7F-8AFC-3EAC302AACF6}.DebugWithTests|Any CPU.ActiveCfg = Debug|Any CPU
		{E74E4217-BC77-4D7F-8AFC-3EAC302AACF6}.DebugWithTests|Any CPU.Build.0 = Debug|Any CPU
		{E74E4217-BC77-4D7F-8AFC-3EAC302AACF6}.DebugWithTests|Mixed Platforms.ActiveCfg = Debug|Any CPU
		{E74E4217-BC77-4D7F-8AFC-3EAC302AACF6}.DebugWithTests|Mixed Platforms.Build.0 = Debug|Any CPU
		{E74E4217-BC77-4D7F-8AFC-3EAC302AACF6}.DebugWithTests|x86.ActiveCfg = Debug|Any CPU
		{E74E4217-BC77-4D7F-8AFC-3EAC302AACF6}.Release|.NET.ActiveCfg = Release|Any CPU
		{E74E4217-BC77-4D7F-8AFC-3EAC302AACF6}.Release|Any CPU.ActiveCfg = Release|Any CPU
		{E74E4217-BC77-4D7F-8AFC-3EAC302AACF6}.Release|Any CPU.Build.0 = Release|Any CPU
		{E74E4217-BC77-4D7F-8AFC-3EAC302AACF6}.Release|Mixed Platforms.ActiveCfg = Release|Any CPU
		{E74E4217-BC77-4D7F-8AFC-3EAC302AACF6}.Release|Mixed Platforms.Build.0 = Release|Any CPU
		{E74E4217-BC77-4D7F-8AFC-3EAC302AACF6}.Release|x86.ActiveCfg = Release|Any CPU
		{A8626650-B9EA-4C72-96A4-A091AAADD72A}.Debug|.NET.ActiveCfg = Debug|Any CPU
		{A8626650-B9EA-4C72-96A4-A091AAADD72A}.Debug|.NET.Build.0 = Debug|Any CPU
		{A8626650-B9EA-4C72-96A4-A091AAADD72A}.Debug|Any CPU.ActiveCfg = Debug|Any CPU
		{A8626650-B9EA-4C72-96A4-A091AAADD72A}.Debug|Any CPU.Build.0 = Debug|Any CPU
		{A8626650-B9EA-4C72-96A4-A091AAADD72A}.Debug|Mixed Platforms.ActiveCfg = Debug|Any CPU
		{A8626650-B9EA-4C72-96A4-A091AAADD72A}.Debug|Mixed Platforms.Build.0 = Debug|Any CPU
		{A8626650-B9EA-4C72-96A4-A091AAADD72A}.Debug|x86.ActiveCfg = Debug|Any CPU
		{A8626650-B9EA-4C72-96A4-A091AAADD72A}.Debug|x86.Build.0 = Debug|Any CPU
		{A8626650-B9EA-4C72-96A4-A091AAADD72A}.DebugWithTests|.NET.ActiveCfg = Debug|Any CPU
		{A8626650-B9EA-4C72-96A4-A091AAADD72A}.DebugWithTests|.NET.Build.0 = Debug|Any CPU
		{A8626650-B9EA-4C72-96A4-A091AAADD72A}.DebugWithTests|Any CPU.ActiveCfg = Debug|Any CPU
		{A8626650-B9EA-4C72-96A4-A091AAADD72A}.DebugWithTests|Any CPU.Build.0 = Debug|Any CPU
		{A8626650-B9EA-4C72-96A4-A091AAADD72A}.DebugWithTests|Mixed Platforms.ActiveCfg = Debug|Any CPU
		{A8626650-B9EA-4C72-96A4-A091AAADD72A}.DebugWithTests|Mixed Platforms.Build.0 = Debug|Any CPU
		{A8626650-B9EA-4C72-96A4-A091AAADD72A}.DebugWithTests|x86.ActiveCfg = Debug|Any CPU
		{A8626650-B9EA-4C72-96A4-A091AAADD72A}.DebugWithTests|x86.Build.0 = Debug|Any CPU
		{A8626650-B9EA-4C72-96A4-A091AAADD72A}.Release|.NET.ActiveCfg = Release|Any CPU
		{A8626650-B9EA-4C72-96A4-A091AAADD72A}.Release|.NET.Build.0 = Release|Any CPU
		{A8626650-B9EA-4C72-96A4-A091AAADD72A}.Release|Any CPU.ActiveCfg = Release|Any CPU
		{A8626650-B9EA-4C72-96A4-A091AAADD72A}.Release|Any CPU.Build.0 = Release|Any CPU
		{A8626650-B9EA-4C72-96A4-A091AAADD72A}.Release|Mixed Platforms.ActiveCfg = Release|Any CPU
		{A8626650-B9EA-4C72-96A4-A091AAADD72A}.Release|Mixed Platforms.Build.0 = Release|Any CPU
		{A8626650-B9EA-4C72-96A4-A091AAADD72A}.Release|x86.ActiveCfg = Release|Any CPU
		{A8626650-B9EA-4C72-96A4-A091AAADD72A}.Release|x86.Build.0 = Release|Any CPU
		{064B73F5-49BD-4456-B68F-4C410145EC74}.Debug|.NET.ActiveCfg = Debug|Any CPU
		{064B73F5-49BD-4456-B68F-4C410145EC74}.Debug|.NET.Build.0 = Debug|Any CPU
		{064B73F5-49BD-4456-B68F-4C410145EC74}.Debug|Any CPU.ActiveCfg = Debug|Any CPU
		{064B73F5-49BD-4456-B68F-4C410145EC74}.Debug|Any CPU.Build.0 = Debug|Any CPU
		{064B73F5-49BD-4456-B68F-4C410145EC74}.Debug|Mixed Platforms.ActiveCfg = Debug|Any CPU
		{064B73F5-49BD-4456-B68F-4C410145EC74}.Debug|Mixed Platforms.Build.0 = Debug|Any CPU
		{064B73F5-49BD-4456-B68F-4C410145EC74}.Debug|x86.ActiveCfg = Debug|Any CPU
		{064B73F5-49BD-4456-B68F-4C410145EC74}.Debug|x86.Build.0 = Debug|Any CPU
		{064B73F5-49BD-4456-B68F-4C410145EC74}.DebugWithTests|.NET.ActiveCfg = Debug|Any CPU
		{064B73F5-49BD-4456-B68F-4C410145EC74}.DebugWithTests|.NET.Build.0 = Debug|Any CPU
		{064B73F5-49BD-4456-B68F-4C410145EC74}.DebugWithTests|Any CPU.ActiveCfg = Debug|Any CPU
		{064B73F5-49BD-4456-B68F-4C410145EC74}.DebugWithTests|Any CPU.Build.0 = Debug|Any CPU
		{064B73F5-49BD-4456-B68F-4C410145EC74}.DebugWithTests|Mixed Platforms.ActiveCfg = Debug|Any CPU
		{064B73F5-49BD-4456-B68F-4C410145EC74}.DebugWithTests|Mixed Platforms.Build.0 = Debug|Any CPU
		{064B73F5-49BD-4456-B68F-4C410145EC74}.DebugWithTests|x86.ActiveCfg = Debug|Any CPU
		{064B73F5-49BD-4456-B68F-4C410145EC74}.DebugWithTests|x86.Build.0 = Debug|Any CPU
		{064B73F5-49BD-4456-B68F-4C410145EC74}.Release|.NET.ActiveCfg = Release|Any CPU
		{064B73F5-49BD-4456-B68F-4C410145EC74}.Release|.NET.Build.0 = Release|Any CPU
		{064B73F5-49BD-4456-B68F-4C410145EC74}.Release|Any CPU.ActiveCfg = Release|Any CPU
		{064B73F5-49BD-4456-B68F-4C410145EC74}.Release|Any CPU.Build.0 = Release|Any CPU
		{064B73F5-49BD-4456-B68F-4C410145EC74}.Release|Mixed Platforms.ActiveCfg = Release|Any CPU
		{064B73F5-49BD-4456-B68F-4C410145EC74}.Release|Mixed Platforms.Build.0 = Release|Any CPU
		{064B73F5-49BD-4456-B68F-4C410145EC74}.Release|x86.ActiveCfg = Release|Any CPU
		{064B73F5-49BD-4456-B68F-4C410145EC74}.Release|x86.Build.0 = Release|Any CPU
		{B805FD24-2203-42EF-8893-8575874A6FC8}.Debug|.NET.ActiveCfg = Debug|Any CPU
		{B805FD24-2203-42EF-8893-8575874A6FC8}.Debug|.NET.Build.0 = Debug|Any CPU
		{B805FD24-2203-42EF-8893-8575874A6FC8}.Debug|Any CPU.ActiveCfg = Debug|Any CPU
		{B805FD24-2203-42EF-8893-8575874A6FC8}.Debug|Any CPU.Build.0 = Debug|Any CPU
		{B805FD24-2203-42EF-8893-8575874A6FC8}.Debug|Mixed Platforms.ActiveCfg = Debug|Any CPU
		{B805FD24-2203-42EF-8893-8575874A6FC8}.Debug|Mixed Platforms.Build.0 = Debug|Any CPU
		{B805FD24-2203-42EF-8893-8575874A6FC8}.Debug|x86.ActiveCfg = Debug|Any CPU
		{B805FD24-2203-42EF-8893-8575874A6FC8}.Debug|x86.Build.0 = Debug|Any CPU
		{B805FD24-2203-42EF-8893-8575874A6FC8}.DebugWithTests|.NET.ActiveCfg = Debug|Any CPU
		{B805FD24-2203-42EF-8893-8575874A6FC8}.DebugWithTests|.NET.Build.0 = Debug|Any CPU
		{B805FD24-2203-42EF-8893-8575874A6FC8}.DebugWithTests|Any CPU.ActiveCfg = Debug|Any CPU
		{B805FD24-2203-42EF-8893-8575874A6FC8}.DebugWithTests|Any CPU.Build.0 = Debug|Any CPU
		{B805FD24-2203-42EF-8893-8575874A6FC8}.DebugWithTests|Mixed Platforms.ActiveCfg = Debug|Any CPU
		{B805FD24-2203-42EF-8893-8575874A6FC8}.DebugWithTests|Mixed Platforms.Build.0 = Debug|Any CPU
		{B805FD24-2203-42EF-8893-8575874A6FC8}.DebugWithTests|x86.ActiveCfg = Debug|Any CPU
		{B805FD24-2203-42EF-8893-8575874A6FC8}.DebugWithTests|x86.Build.0 = Debug|Any CPU
		{B805FD24-2203-42EF-8893-8575874A6FC8}.Release|.NET.ActiveCfg = Release|Any CPU
		{B805FD24-2203-42EF-8893-8575874A6FC8}.Release|.NET.Build.0 = Release|Any CPU
		{B805FD24-2203-42EF-8893-8575874A6FC8}.Release|Any CPU.ActiveCfg = Release|Any CPU
		{B805FD24-2203-42EF-8893-8575874A6FC8}.Release|Any CPU.Build.0 = Release|Any CPU
		{B805FD24-2203-42EF-8893-8575874A6FC8}.Release|Mixed Platforms.ActiveCfg = Release|Any CPU
		{B805FD24-2203-42EF-8893-8575874A6FC8}.Release|Mixed Platforms.Build.0 = Release|Any CPU
		{B805FD24-2203-42EF-8893-8575874A6FC8}.Release|x86.ActiveCfg = Release|Any CPU
		{B805FD24-2203-42EF-8893-8575874A6FC8}.Release|x86.Build.0 = Release|Any CPU
		{381F83B3-D0FB-416D-B6A2-B334A0062ECE}.Debug|.NET.ActiveCfg = Debug|Any CPU
		{381F83B3-D0FB-416D-B6A2-B334A0062ECE}.Debug|.NET.Build.0 = Debug|Any CPU
		{381F83B3-D0FB-416D-B6A2-B334A0062ECE}.Debug|Any CPU.ActiveCfg = Debug|Any CPU
		{381F83B3-D0FB-416D-B6A2-B334A0062ECE}.Debug|Any CPU.Build.0 = Debug|Any CPU
		{381F83B3-D0FB-416D-B6A2-B334A0062ECE}.Debug|Mixed Platforms.ActiveCfg = Debug|Any CPU
		{381F83B3-D0FB-416D-B6A2-B334A0062ECE}.Debug|Mixed Platforms.Build.0 = Debug|Any CPU
		{381F83B3-D0FB-416D-B6A2-B334A0062ECE}.Debug|x86.ActiveCfg = Debug|Any CPU
		{381F83B3-D0FB-416D-B6A2-B334A0062ECE}.Debug|x86.Build.0 = Debug|Any CPU
		{381F83B3-D0FB-416D-B6A2-B334A0062ECE}.DebugWithTests|.NET.ActiveCfg = Debug|Any CPU
		{381F83B3-D0FB-416D-B6A2-B334A0062ECE}.DebugWithTests|.NET.Build.0 = Debug|Any CPU
		{381F83B3-D0FB-416D-B6A2-B334A0062ECE}.DebugWithTests|Any CPU.ActiveCfg = Debug|Any CPU
		{381F83B3-D0FB-416D-B6A2-B334A0062ECE}.DebugWithTests|Any CPU.Build.0 = Debug|Any CPU
		{381F83B3-D0FB-416D-B6A2-B334A0062ECE}.DebugWithTests|Mixed Platforms.ActiveCfg = Debug|Any CPU
		{381F83B3-D0FB-416D-B6A2-B334A0062ECE}.DebugWithTests|Mixed Platforms.Build.0 = Debug|Any CPU
		{381F83B3-D0FB-416D-B6A2-B334A0062ECE}.DebugWithTests|x86.ActiveCfg = Debug|Any CPU
		{381F83B3-D0FB-416D-B6A2-B334A0062ECE}.DebugWithTests|x86.Build.0 = Debug|Any CPU
		{381F83B3-D0FB-416D-B6A2-B334A0062ECE}.Release|.NET.ActiveCfg = Release|Any CPU
		{381F83B3-D0FB-416D-B6A2-B334A0062ECE}.Release|.NET.Build.0 = Release|Any CPU
		{381F83B3-D0FB-416D-B6A2-B334A0062ECE}.Release|Any CPU.ActiveCfg = Release|Any CPU
		{381F83B3-D0FB-416D-B6A2-B334A0062ECE}.Release|Any CPU.Build.0 = Release|Any CPU
		{381F83B3-D0FB-416D-B6A2-B334A0062ECE}.Release|Mixed Platforms.ActiveCfg = Release|Any CPU
		{381F83B3-D0FB-416D-B6A2-B334A0062ECE}.Release|Mixed Platforms.Build.0 = Release|Any CPU
		{381F83B3-D0FB-416D-B6A2-B334A0062ECE}.Release|x86.ActiveCfg = Release|Any CPU
		{381F83B3-D0FB-416D-B6A2-B334A0062ECE}.Release|x86.Build.0 = Release|Any CPU
		{94F1713D-8145-409A-A8D9-F5323B4AB966}.Debug|.NET.ActiveCfg = Debug|Any CPU
		{94F1713D-8145-409A-A8D9-F5323B4AB966}.Debug|.NET.Build.0 = Debug|Any CPU
		{94F1713D-8145-409A-A8D9-F5323B4AB966}.Debug|Any CPU.ActiveCfg = Debug|Any CPU
		{94F1713D-8145-409A-A8D9-F5323B4AB966}.Debug|Any CPU.Build.0 = Debug|Any CPU
		{94F1713D-8145-409A-A8D9-F5323B4AB966}.Debug|Mixed Platforms.ActiveCfg = Debug|Any CPU
		{94F1713D-8145-409A-A8D9-F5323B4AB966}.Debug|Mixed Platforms.Build.0 = Debug|Any CPU
		{94F1713D-8145-409A-A8D9-F5323B4AB966}.Debug|x86.ActiveCfg = Debug|Any CPU
		{94F1713D-8145-409A-A8D9-F5323B4AB966}.Debug|x86.Build.0 = Debug|Any CPU
		{94F1713D-8145-409A-A8D9-F5323B4AB966}.DebugWithTests|.NET.ActiveCfg = Debug|Any CPU
		{94F1713D-8145-409A-A8D9-F5323B4AB966}.DebugWithTests|.NET.Build.0 = Debug|Any CPU
		{94F1713D-8145-409A-A8D9-F5323B4AB966}.DebugWithTests|Any CPU.ActiveCfg = Debug|Any CPU
		{94F1713D-8145-409A-A8D9-F5323B4AB966}.DebugWithTests|Any CPU.Build.0 = Debug|Any CPU
		{94F1713D-8145-409A-A8D9-F5323B4AB966}.DebugWithTests|Mixed Platforms.ActiveCfg = Debug|Any CPU
		{94F1713D-8145-409A-A8D9-F5323B4AB966}.DebugWithTests|Mixed Platforms.Build.0 = Debug|Any CPU
		{94F1713D-8145-409A-A8D9-F5323B4AB966}.DebugWithTests|x86.ActiveCfg = Debug|Any CPU
		{94F1713D-8145-409A-A8D9-F5323B4AB966}.DebugWithTests|x86.Build.0 = Debug|Any CPU
		{94F1713D-8145-409A-A8D9-F5323B4AB966}.Release|.NET.ActiveCfg = Release|Any CPU
		{94F1713D-8145-409A-A8D9-F5323B4AB966}.Release|.NET.Build.0 = Release|Any CPU
		{94F1713D-8145-409A-A8D9-F5323B4AB966}.Release|Any CPU.ActiveCfg = Release|Any CPU
		{94F1713D-8145-409A-A8D9-F5323B4AB966}.Release|Any CPU.Build.0 = Release|Any CPU
		{94F1713D-8145-409A-A8D9-F5323B4AB966}.Release|Mixed Platforms.ActiveCfg = Release|Any CPU
		{94F1713D-8145-409A-A8D9-F5323B4AB966}.Release|Mixed Platforms.Build.0 = Release|Any CPU
		{94F1713D-8145-409A-A8D9-F5323B4AB966}.Release|x86.ActiveCfg = Release|Any CPU
		{94F1713D-8145-409A-A8D9-F5323B4AB966}.Release|x86.Build.0 = Release|Any CPU
		{E6145EE4-AFBA-407C-A8C3-9AC5C8805AF7}.Debug|.NET.ActiveCfg = Debug|Any CPU
		{E6145EE4-AFBA-407C-A8C3-9AC5C8805AF7}.Debug|.NET.Build.0 = Debug|Any CPU
		{E6145EE4-AFBA-407C-A8C3-9AC5C8805AF7}.Debug|Any CPU.ActiveCfg = Debug|Any CPU
		{E6145EE4-AFBA-407C-A8C3-9AC5C8805AF7}.Debug|Any CPU.Build.0 = Debug|Any CPU
		{E6145EE4-AFBA-407C-A8C3-9AC5C8805AF7}.Debug|Mixed Platforms.ActiveCfg = Debug|Any CPU
		{E6145EE4-AFBA-407C-A8C3-9AC5C8805AF7}.Debug|Mixed Platforms.Build.0 = Debug|Any CPU
		{E6145EE4-AFBA-407C-A8C3-9AC5C8805AF7}.Debug|x86.ActiveCfg = Debug|Any CPU
		{E6145EE4-AFBA-407C-A8C3-9AC5C8805AF7}.Debug|x86.Build.0 = Debug|Any CPU
		{E6145EE4-AFBA-407C-A8C3-9AC5C8805AF7}.DebugWithTests|.NET.ActiveCfg = Debug|Any CPU
		{E6145EE4-AFBA-407C-A8C3-9AC5C8805AF7}.DebugWithTests|.NET.Build.0 = Debug|Any CPU
		{E6145EE4-AFBA-407C-A8C3-9AC5C8805AF7}.DebugWithTests|Any CPU.ActiveCfg = Debug|Any CPU
		{E6145EE4-AFBA-407C-A8C3-9AC5C8805AF7}.DebugWithTests|Any CPU.Build.0 = Debug|Any CPU
		{E6145EE4-AFBA-407C-A8C3-9AC5C8805AF7}.DebugWithTests|Mixed Platforms.ActiveCfg = Debug|Any CPU
		{E6145EE4-AFBA-407C-A8C3-9AC5C8805AF7}.DebugWithTests|Mixed Platforms.Build.0 = Debug|Any CPU
		{E6145EE4-AFBA-407C-A8C3-9AC5C8805AF7}.DebugWithTests|x86.ActiveCfg = Debug|Any CPU
		{E6145EE4-AFBA-407C-A8C3-9AC5C8805AF7}.DebugWithTests|x86.Build.0 = Debug|Any CPU
		{E6145EE4-AFBA-407C-A8C3-9AC5C8805AF7}.Release|.NET.ActiveCfg = Release|Any CPU
		{E6145EE4-AFBA-407C-A8C3-9AC5C8805AF7}.Release|.NET.Build.0 = Release|Any CPU
		{E6145EE4-AFBA-407C-A8C3-9AC5C8805AF7}.Release|Any CPU.ActiveCfg = Release|Any CPU
		{E6145EE4-AFBA-407C-A8C3-9AC5C8805AF7}.Release|Any CPU.Build.0 = Release|Any CPU
		{E6145EE4-AFBA-407C-A8C3-9AC5C8805AF7}.Release|Mixed Platforms.ActiveCfg = Release|Any CPU
		{E6145EE4-AFBA-407C-A8C3-9AC5C8805AF7}.Release|Mixed Platforms.Build.0 = Release|Any CPU
		{E6145EE4-AFBA-407C-A8C3-9AC5C8805AF7}.Release|x86.ActiveCfg = Release|Any CPU
		{E6145EE4-AFBA-407C-A8C3-9AC5C8805AF7}.Release|x86.Build.0 = Release|Any CPU
		{DD72418F-EFFF-4F9A-B580-92F476C5A028}.Debug|.NET.ActiveCfg = Debug|Any CPU
		{DD72418F-EFFF-4F9A-B580-92F476C5A028}.Debug|.NET.Build.0 = Debug|Any CPU
		{DD72418F-EFFF-4F9A-B580-92F476C5A028}.Debug|Any CPU.ActiveCfg = Debug|Any CPU
		{DD72418F-EFFF-4F9A-B580-92F476C5A028}.Debug|Any CPU.Build.0 = Debug|Any CPU
		{DD72418F-EFFF-4F9A-B580-92F476C5A028}.Debug|Mixed Platforms.ActiveCfg = Debug|Any CPU
		{DD72418F-EFFF-4F9A-B580-92F476C5A028}.Debug|Mixed Platforms.Build.0 = Debug|Any CPU
		{DD72418F-EFFF-4F9A-B580-92F476C5A028}.Debug|x86.ActiveCfg = Debug|Any CPU
		{DD72418F-EFFF-4F9A-B580-92F476C5A028}.Debug|x86.Build.0 = Debug|Any CPU
		{DD72418F-EFFF-4F9A-B580-92F476C5A028}.DebugWithTests|.NET.ActiveCfg = Debug|Any CPU
		{DD72418F-EFFF-4F9A-B580-92F476C5A028}.DebugWithTests|.NET.Build.0 = Debug|Any CPU
		{DD72418F-EFFF-4F9A-B580-92F476C5A028}.DebugWithTests|Any CPU.ActiveCfg = Debug|Any CPU
		{DD72418F-EFFF-4F9A-B580-92F476C5A028}.DebugWithTests|Any CPU.Build.0 = Debug|Any CPU
		{DD72418F-EFFF-4F9A-B580-92F476C5A028}.DebugWithTests|Mixed Platforms.ActiveCfg = Debug|Any CPU
		{DD72418F-EFFF-4F9A-B580-92F476C5A028}.DebugWithTests|Mixed Platforms.Build.0 = Debug|Any CPU
		{DD72418F-EFFF-4F9A-B580-92F476C5A028}.DebugWithTests|x86.ActiveCfg = Debug|Any CPU
		{DD72418F-EFFF-4F9A-B580-92F476C5A028}.DebugWithTests|x86.Build.0 = Debug|Any CPU
		{DD72418F-EFFF-4F9A-B580-92F476C5A028}.Release|.NET.ActiveCfg = Release|Any CPU
		{DD72418F-EFFF-4F9A-B580-92F476C5A028}.Release|.NET.Build.0 = Release|Any CPU
		{DD72418F-EFFF-4F9A-B580-92F476C5A028}.Release|Any CPU.ActiveCfg = Release|Any CPU
		{DD72418F-EFFF-4F9A-B580-92F476C5A028}.Release|Any CPU.Build.0 = Release|Any CPU
		{DD72418F-EFFF-4F9A-B580-92F476C5A028}.Release|Mixed Platforms.ActiveCfg = Release|Any CPU
		{DD72418F-EFFF-4F9A-B580-92F476C5A028}.Release|Mixed Platforms.Build.0 = Release|Any CPU
		{DD72418F-EFFF-4F9A-B580-92F476C5A028}.Release|x86.ActiveCfg = Release|Any CPU
		{DD72418F-EFFF-4F9A-B580-92F476C5A028}.Release|x86.Build.0 = Release|Any CPU
		{E53A15BE-87CC-4386-A255-CEB0A07B6EDB}.Debug|.NET.ActiveCfg = Debug|Any CPU
		{E53A15BE-87CC-4386-A255-CEB0A07B6EDB}.Debug|.NET.Build.0 = Debug|Any CPU
		{E53A15BE-87CC-4386-A255-CEB0A07B6EDB}.Debug|Any CPU.ActiveCfg = Debug|Any CPU
		{E53A15BE-87CC-4386-A255-CEB0A07B6EDB}.Debug|Any CPU.Build.0 = Debug|Any CPU
		{E53A15BE-87CC-4386-A255-CEB0A07B6EDB}.Debug|Mixed Platforms.ActiveCfg = Debug|Any CPU
		{E53A15BE-87CC-4386-A255-CEB0A07B6EDB}.Debug|Mixed Platforms.Build.0 = Debug|Any CPU
		{E53A15BE-87CC-4386-A255-CEB0A07B6EDB}.Debug|x86.ActiveCfg = Debug|Any CPU
		{E53A15BE-87CC-4386-A255-CEB0A07B6EDB}.Debug|x86.Build.0 = Debug|Any CPU
		{E53A15BE-87CC-4386-A255-CEB0A07B6EDB}.DebugWithTests|.NET.ActiveCfg = Debug|Any CPU
		{E53A15BE-87CC-4386-A255-CEB0A07B6EDB}.DebugWithTests|.NET.Build.0 = Debug|Any CPU
		{E53A15BE-87CC-4386-A255-CEB0A07B6EDB}.DebugWithTests|Any CPU.ActiveCfg = Debug|Any CPU
		{E53A15BE-87CC-4386-A255-CEB0A07B6EDB}.DebugWithTests|Any CPU.Build.0 = Debug|Any CPU
		{E53A15BE-87CC-4386-A255-CEB0A07B6EDB}.DebugWithTests|Mixed Platforms.ActiveCfg = Debug|Any CPU
		{E53A15BE-87CC-4386-A255-CEB0A07B6EDB}.DebugWithTests|Mixed Platforms.Build.0 = Debug|Any CPU
		{E53A15BE-87CC-4386-A255-CEB0A07B6EDB}.DebugWithTests|x86.ActiveCfg = Debug|Any CPU
		{E53A15BE-87CC-4386-A255-CEB0A07B6EDB}.DebugWithTests|x86.Build.0 = Debug|Any CPU
		{E53A15BE-87CC-4386-A255-CEB0A07B6EDB}.Release|.NET.ActiveCfg = Release|Any CPU
		{E53A15BE-87CC-4386-A255-CEB0A07B6EDB}.Release|.NET.Build.0 = Release|Any CPU
		{E53A15BE-87CC-4386-A255-CEB0A07B6EDB}.Release|Any CPU.ActiveCfg = Release|Any CPU
		{E53A15BE-87CC-4386-A255-CEB0A07B6EDB}.Release|Any CPU.Build.0 = Release|Any CPU
		{E53A15BE-87CC-4386-A255-CEB0A07B6EDB}.Release|Mixed Platforms.ActiveCfg = Release|Any CPU
		{E53A15BE-87CC-4386-A255-CEB0A07B6EDB}.Release|Mixed Platforms.Build.0 = Release|Any CPU
		{E53A15BE-87CC-4386-A255-CEB0A07B6EDB}.Release|x86.ActiveCfg = Release|Any CPU
		{E53A15BE-87CC-4386-A255-CEB0A07B6EDB}.Release|x86.Build.0 = Release|Any CPU
		{4867E5A9-2BDA-4F74-B991-2EA055D959E3}.Debug|.NET.ActiveCfg = Debug|Any CPU
		{4867E5A9-2BDA-4F74-B991-2EA055D959E3}.Debug|.NET.Build.0 = Debug|Any CPU
		{4867E5A9-2BDA-4F74-B991-2EA055D959E3}.Debug|Any CPU.ActiveCfg = Debug|Any CPU
		{4867E5A9-2BDA-4F74-B991-2EA055D959E3}.Debug|Any CPU.Build.0 = Debug|Any CPU
		{4867E5A9-2BDA-4F74-B991-2EA055D959E3}.Debug|Mixed Platforms.ActiveCfg = Debug|Any CPU
		{4867E5A9-2BDA-4F74-B991-2EA055D959E3}.Debug|Mixed Platforms.Build.0 = Debug|Any CPU
		{4867E5A9-2BDA-4F74-B991-2EA055D959E3}.Debug|x86.ActiveCfg = Debug|Any CPU
		{4867E5A9-2BDA-4F74-B991-2EA055D959E3}.Debug|x86.Build.0 = Debug|Any CPU
		{4867E5A9-2BDA-4F74-B991-2EA055D959E3}.DebugWithTests|.NET.ActiveCfg = Debug|Any CPU
		{4867E5A9-2BDA-4F74-B991-2EA055D959E3}.DebugWithTests|.NET.Build.0 = Debug|Any CPU
		{4867E5A9-2BDA-4F74-B991-2EA055D959E3}.DebugWithTests|Any CPU.ActiveCfg = Debug|Any CPU
		{4867E5A9-2BDA-4F74-B991-2EA055D959E3}.DebugWithTests|Any CPU.Build.0 = Debug|Any CPU
		{4867E5A9-2BDA-4F74-B991-2EA055D959E3}.DebugWithTests|Mixed Platforms.ActiveCfg = Debug|Any CPU
		{4867E5A9-2BDA-4F74-B991-2EA055D959E3}.DebugWithTests|Mixed Platforms.Build.0 = Debug|Any CPU
		{4867E5A9-2BDA-4F74-B991-2EA055D959E3}.DebugWithTests|x86.ActiveCfg = Debug|Any CPU
		{4867E5A9-2BDA-4F74-B991-2EA055D959E3}.DebugWithTests|x86.Build.0 = Debug|Any CPU
		{4867E5A9-2BDA-4F74-B991-2EA055D959E3}.Release|.NET.ActiveCfg = Release|Any CPU
		{4867E5A9-2BDA-4F74-B991-2EA055D959E3}.Release|.NET.Build.0 = Release|Any CPU
		{4867E5A9-2BDA-4F74-B991-2EA055D959E3}.Release|Any CPU.ActiveCfg = Release|Any CPU
		{4867E5A9-2BDA-4F74-B991-2EA055D959E3}.Release|Any CPU.Build.0 = Release|Any CPU
		{4867E5A9-2BDA-4F74-B991-2EA055D959E3}.Release|Mixed Platforms.ActiveCfg = Release|Any CPU
		{4867E5A9-2BDA-4F74-B991-2EA055D959E3}.Release|Mixed Platforms.Build.0 = Release|Any CPU
		{4867E5A9-2BDA-4F74-B991-2EA055D959E3}.Release|x86.ActiveCfg = Release|Any CPU
		{4867E5A9-2BDA-4F74-B991-2EA055D959E3}.Release|x86.Build.0 = Release|Any CPU
		{BC97F0E8-6421-4F5A-8BF2-342863FFB887}.Debug|.NET.ActiveCfg = Debug|Any CPU
		{BC97F0E8-6421-4F5A-8BF2-342863FFB887}.Debug|.NET.Build.0 = Debug|Any CPU
		{BC97F0E8-6421-4F5A-8BF2-342863FFB887}.Debug|Any CPU.ActiveCfg = Debug|Any CPU
		{BC97F0E8-6421-4F5A-8BF2-342863FFB887}.Debug|Any CPU.Build.0 = Debug|Any CPU
		{BC97F0E8-6421-4F5A-8BF2-342863FFB887}.Debug|Mixed Platforms.ActiveCfg = Debug|Any CPU
		{BC97F0E8-6421-4F5A-8BF2-342863FFB887}.Debug|Mixed Platforms.Build.0 = Debug|Any CPU
		{BC97F0E8-6421-4F5A-8BF2-342863FFB887}.Debug|x86.ActiveCfg = Debug|Any CPU
		{BC97F0E8-6421-4F5A-8BF2-342863FFB887}.Debug|x86.Build.0 = Debug|Any CPU
		{BC97F0E8-6421-4F5A-8BF2-342863FFB887}.DebugWithTests|.NET.ActiveCfg = Debug|Any CPU
		{BC97F0E8-6421-4F5A-8BF2-342863FFB887}.DebugWithTests|.NET.Build.0 = Debug|Any CPU
		{BC97F0E8-6421-4F5A-8BF2-342863FFB887}.DebugWithTests|Any CPU.ActiveCfg = Debug|Any CPU
		{BC97F0E8-6421-4F5A-8BF2-342863FFB887}.DebugWithTests|Any CPU.Build.0 = Debug|Any CPU
		{BC97F0E8-6421-4F5A-8BF2-342863FFB887}.DebugWithTests|Mixed Platforms.ActiveCfg = Debug|Any CPU
		{BC97F0E8-6421-4F5A-8BF2-342863FFB887}.DebugWithTests|Mixed Platforms.Build.0 = Debug|Any CPU
		{BC97F0E8-6421-4F5A-8BF2-342863FFB887}.DebugWithTests|x86.ActiveCfg = Debug|Any CPU
		{BC97F0E8-6421-4F5A-8BF2-342863FFB887}.DebugWithTests|x86.Build.0 = Debug|Any CPU
		{BC97F0E8-6421-4F5A-8BF2-342863FFB887}.Release|.NET.ActiveCfg = Release|Any CPU
		{BC97F0E8-6421-4F5A-8BF2-342863FFB887}.Release|.NET.Build.0 = Release|Any CPU
		{BC97F0E8-6421-4F5A-8BF2-342863FFB887}.Release|Any CPU.ActiveCfg = Release|Any CPU
		{BC97F0E8-6421-4F5A-8BF2-342863FFB887}.Release|Any CPU.Build.0 = Release|Any CPU
		{BC97F0E8-6421-4F5A-8BF2-342863FFB887}.Release|Mixed Platforms.ActiveCfg = Release|Any CPU
		{BC97F0E8-6421-4F5A-8BF2-342863FFB887}.Release|Mixed Platforms.Build.0 = Release|Any CPU
		{BC97F0E8-6421-4F5A-8BF2-342863FFB887}.Release|x86.ActiveCfg = Release|Any CPU
		{BC97F0E8-6421-4F5A-8BF2-342863FFB887}.Release|x86.Build.0 = Release|Any CPU
		{682D02B9-120F-4528-A4BF-56743F64965C}.Debug|.NET.ActiveCfg = Debug|Any CPU
		{682D02B9-120F-4528-A4BF-56743F64965C}.Debug|.NET.Build.0 = Debug|Any CPU
		{682D02B9-120F-4528-A4BF-56743F64965C}.Debug|Any CPU.ActiveCfg = Debug|Any CPU
		{682D02B9-120F-4528-A4BF-56743F64965C}.Debug|Any CPU.Build.0 = Debug|Any CPU
		{682D02B9-120F-4528-A4BF-56743F64965C}.Debug|Mixed Platforms.ActiveCfg = Debug|Any CPU
		{682D02B9-120F-4528-A4BF-56743F64965C}.Debug|Mixed Platforms.Build.0 = Debug|Any CPU
		{682D02B9-120F-4528-A4BF-56743F64965C}.Debug|x86.ActiveCfg = Debug|Any CPU
		{682D02B9-120F-4528-A4BF-56743F64965C}.Debug|x86.Build.0 = Debug|Any CPU
		{682D02B9-120F-4528-A4BF-56743F64965C}.DebugWithTests|.NET.ActiveCfg = Debug|Any CPU
		{682D02B9-120F-4528-A4BF-56743F64965C}.DebugWithTests|.NET.Build.0 = Debug|Any CPU
		{682D02B9-120F-4528-A4BF-56743F64965C}.DebugWithTests|Any CPU.ActiveCfg = Debug|Any CPU
		{682D02B9-120F-4528-A4BF-56743F64965C}.DebugWithTests|Any CPU.Build.0 = Debug|Any CPU
		{682D02B9-120F-4528-A4BF-56743F64965C}.DebugWithTests|Mixed Platforms.ActiveCfg = Debug|Any CPU
		{682D02B9-120F-4528-A4BF-56743F64965C}.DebugWithTests|Mixed Platforms.Build.0 = Debug|Any CPU
		{682D02B9-120F-4528-A4BF-56743F64965C}.DebugWithTests|x86.ActiveCfg = Debug|Any CPU
		{682D02B9-120F-4528-A4BF-56743F64965C}.DebugWithTests|x86.Build.0 = Debug|Any CPU
		{682D02B9-120F-4528-A4BF-56743F64965C}.Release|.NET.ActiveCfg = Release|Any CPU
		{682D02B9-120F-4528-A4BF-56743F64965C}.Release|.NET.Build.0 = Release|Any CPU
		{682D02B9-120F-4528-A4BF-56743F64965C}.Release|Any CPU.ActiveCfg = Release|Any CPU
		{682D02B9-120F-4528-A4BF-56743F64965C}.Release|Any CPU.Build.0 = Release|Any CPU
		{682D02B9-120F-4528-A4BF-56743F64965C}.Release|Mixed Platforms.ActiveCfg = Release|Any CPU
		{682D02B9-120F-4528-A4BF-56743F64965C}.Release|Mixed Platforms.Build.0 = Release|Any CPU
		{682D02B9-120F-4528-A4BF-56743F64965C}.Release|x86.ActiveCfg = Release|Any CPU
		{682D02B9-120F-4528-A4BF-56743F64965C}.Release|x86.Build.0 = Release|Any CPU
	EndGlobalSection
	GlobalSection(SolutionProperties) = preSolution
		HideSolutionNode = FALSE
	EndGlobalSection
	GlobalSection(ExtensibilityGlobals) = postSolution
		SolutionGuid = {55623222-2DB5-4EBE-A542-789B361F8EB0}
	EndGlobalSection
	GlobalSection(TeamFoundationVersionControl) = preSolution
		SccNumberOfProjects = 17
		SccEnterpriseProvider = {4CA58AB2-18FA-4F8D-95D4-32DDF27D184C}
		SccTeamFoundationServer = http://alm-prod-app1.rd.allscripts.com:8080/tfs/boc_projects
		SccLocalPath0 = .
		SccProjectUniqueName1 = Allscripts.ePrescribe.Test\\Allscripts.ePrescribe.Test.csproj
		SccProjectName1 = Allscripts.ePrescribe.Test
		SccLocalPath1 = Allscripts.ePrescribe.Test
		SccProjectUniqueName2 = eRxWeb\\eRxWeb.csproj
		SccProjectName2 = eRxWeb
		SccLocalPath2 = eRxWeb
		SccProjectUniqueName3 = Allscripts.ePrescribe.Client.AcceptanceTest\\Allscripts.ePrescribe.Client.AcceptanceTest.csproj
		SccProjectName3 = Allscripts.ePrescribe.Client.AcceptanceTest
		SccLocalPath3 = Allscripts.ePrescribe.Client.AcceptanceTest
		SccProjectUniqueName4 = ..\\Shared\\Allscripts.ePrescribe.Shared\\Allscripts.ePrescribe.Shared.Logging\\Allscripts.ePrescribe.Shared.Logging.csproj
		SccProjectName4 = ../Shared/Allscripts.ePrescribe.Shared/Allscripts.ePrescribe.Shared.Logging
		SccLocalPath4 = ..\\Shared\\Allscripts.ePrescribe.Shared\\Allscripts.ePrescribe.Shared.Logging
		SccProjectUniqueName5 = ..\\Shared\\Allscripts.ePrescribe.Shared\\Allscripts.ePrescribe.Shared.Data\\Allscripts.ePrescribe.Shared.Data.csproj
		SccProjectName5 = ../Shared/Allscripts.ePrescribe.Shared/Allscripts.ePrescribe.Shared.Data
		SccLocalPath5 = ..\\Shared\\Allscripts.ePrescribe.Shared\\Allscripts.ePrescribe.Shared.Data
		SccProjectUniqueName6 = ..\\Shared\\Allscripts.ePrescribe.Shared\\Allscripts.ePrescribe.CCR\\Allscripts.ePrescribe.CCR.csproj
		SccProjectName6 = ../Shared/Allscripts.ePrescribe.Shared/Allscripts.ePrescribe.CCR
		SccLocalPath6 = ..\\Shared\\Allscripts.ePrescribe.Shared\\Allscripts.ePrescribe.CCR
		SccProjectUniqueName7 = ..\\Shared\\Allscripts.ePrescribe.Shared\\Allscripts.ePrescribe.Common\\Allscripts.ePrescribe.Common.csproj
		SccProjectName7 = ../Shared/Allscripts.ePrescribe.Shared/Allscripts.ePrescribe.Common
		SccLocalPath7 = ..\\Shared\\Allscripts.ePrescribe.Shared\\Allscripts.ePrescribe.Common
		SccProjectUniqueName8 = ..\\Shared\\Allscripts.ePrescribe.Shared\\Allscripts.ePrescribe.Data\\Allscripts.ePrescribe.Data.csproj
		SccProjectName8 = ../Shared/Allscripts.ePrescribe.Shared/Allscripts.ePrescribe.Data
		SccLocalPath8 = ..\\Shared\\Allscripts.ePrescribe.Shared\\Allscripts.ePrescribe.Data
		SccProjectUniqueName9 = ..\\Shared\\Allscripts.ePrescribe.Shared\\Allscripts.Impact.Utilities\\Allscripts.Impact.Utilities.csproj
		SccProjectName9 = ../Shared/Allscripts.ePrescribe.Shared/Allscripts.Impact.Utilities
		SccLocalPath9 = ..\\Shared\\Allscripts.ePrescribe.Shared\\Allscripts.Impact.Utilities
		SccProjectUniqueName10 = ..\\Shared\\Allscripts.ePrescribe.Shared\\Allscripts.ePrescribe.Shared.DatabaseSelector\\Allscripts.ePrescribe.DatabaseSelector.csproj
		SccProjectName10 = ../Shared/Allscripts.ePrescribe.Shared/Allscripts.ePrescribe.Shared.DatabaseSelector
		SccLocalPath10 = ..\\Shared\\Allscripts.ePrescribe.Shared\\Allscripts.ePrescribe.Shared.DatabaseSelector
		SccProjectUniqueName11 = ..\\Shared\\Allscripts.ePrescribe.Shared\\Allscripts.ePrescribe.Shared.DataHelpers\\Allscripts.ePrescribe.DataHelpers.csproj
		SccProjectName11 = ../Shared/Allscripts.ePrescribe.Shared/Allscripts.ePrescribe.Shared.DataHelpers
		SccLocalPath11 = ..\\Shared\\Allscripts.ePrescribe.Shared\\Allscripts.ePrescribe.Shared.DataHelpers
		SccProjectUniqueName12 = ..\\Shared\\Allscripts.ePrescribe.Shared\\Allscripts.ePrescribe.Shared.Objects\\Allscripts.ePrescribe.Objects.csproj
		SccProjectName12 = ../Shared/Allscripts.ePrescribe.Shared/Allscripts.ePrescribe.Shared.Objects
		SccLocalPath12 = ..\\Shared\\Allscripts.ePrescribe.Shared\\Allscripts.ePrescribe.Shared.Objects
		SccProjectUniqueName13 = ..\\Shared\\Allscripts.ePrescribe.Shared\\Allscripts.ePrescribe.Shared.RawDataHelpers\\Allscripts.ePrescribe.RawDataHelpers.csproj
		SccProjectName13 = ../Shared/Allscripts.ePrescribe.Shared/Allscripts.ePrescribe.Shared.RawDataHelpers
		SccLocalPath13 = ..\\Shared\\Allscripts.ePrescribe.Shared\\Allscripts.ePrescribe.Shared.RawDataHelpers
		SccProjectUniqueName14 = ..\\Shared\\Allscripts.ePrescribe.Shared\\Allscripts.ePrescribe.ExtensionMethods\\Allscripts.ePrescribe.ExtensionMethods.csproj
		SccProjectName14 = ../Shared/Allscripts.ePrescribe.Shared/Allscripts.ePrescribe.ExtensionMethods
		SccLocalPath14 = ..\\Shared\\Allscripts.ePrescribe.Shared\\Allscripts.ePrescribe.ExtensionMethods
		SccProjectUniqueName15 = ..\\Shared\\Allscripts.ePrescribe.Shared\\Allscripts.Impact\\Allscripts.Impact.csproj
		SccProjectName15 = ../Shared/Allscripts.ePrescribe.Shared/Allscripts.Impact
		SccLocalPath15 = ..\\Shared\\Allscripts.ePrescribe.Shared\\Allscripts.Impact
		SccProjectUniqueName16 = ..\\Shared\\Allscripts.ePrescribe.Shared\\Allscripts.ePrescribe.Medispan.Clinical.Model\\Allscripts.ePrescribe.Medispan.Clinical.Model.csproj
		SccProjectName16 = ../Shared/Allscripts.ePrescribe.Shared/Allscripts.ePrescribe.Medispan.Clinical.Model
		SccLocalPath16 = ..\\Shared\\Allscripts.ePrescribe.Shared\\Allscripts.ePrescribe.Medispan.Clinical.Model
	EndGlobalSection
	GlobalSection(TestCaseManagementSettings) = postSolution
		CategoryFile = ePrescribe.vsmdi
	EndGlobalSection
EndGlobal
